// !$*UTF8*$!
{
	archiveVersion = 1;
	classes = {
	};
	objectVersion = 50;
	objects = {

/* Begin PBXBuildFile section */
		D0E6DD9121B57E5E00DEDCEE /* SwiftRouter.framework in Frameworks */ = {isa = PBXBuildFile; fileRef = D0E6DD8721B57E5E00DEDCEE /* SwiftRouter.framework */; };
		D0E6DD9621B57E5E00DEDCEE /* SwiftRouterTests.swift in Sources */ = {isa = PBXBuildFile; fileRef = D0E6DD9521B57E5E00DEDCEE /* SwiftRouterTests.swift */; };
		D0E6DD9821B57E5E00DEDCEE /* SwiftRouter.h in Headers */ = {isa = PBXBuildFile; fileRef = D0E6DD8A21B57E5E00DEDCEE /* SwiftRouter.h */; settings = {ATTRIBUTES = (Public, ); }; };
		D0E6DDA821B57E8300DEDCEE /* Router.swift in Sources */ = {isa = PBXBuildFile; fileRef = D0E6DDA221B57E8300DEDCEE /* Router.swift */; };
		D0E6DDA921B57E8300DEDCEE /* RHelper.swift in Sources */ = {isa = PBXBuildFile; fileRef = D0E6DDA321B57E8300DEDCEE /* RHelper.swift */; };
		D0E6DDAA21B57E8300DEDCEE /* LBaseController.swift in Sources */ = {isa = PBXBuildFile; fileRef = D0E6DDA421B57E8300DEDCEE /* LBaseController.swift */; };
		D0E6DDAB21B57E8300DEDCEE /* modules.json in Resources */ = {isa = PBXBuildFile; fileRef = D0E6DDA521B57E8300DEDCEE /* modules.json */; };
		D0E6DDAC21B57E8300DEDCEE /* RouteFirstController.swift in Sources */ = {isa = PBXBuildFile; fileRef = D0E6DDA621B57E8300DEDCEE /* RouteFirstController.swift */; };
		D0E6DDAD21B57E8300DEDCEE /* AutoCreateProtocol.swift in Sources */ = {isa = PBXBuildFile; fileRef = D0E6DDA721B57E8300DEDCEE /* AutoCreateProtocol.swift */; };
/* End PBXBuildFile section */

/* Begin PBXContainerItemProxy section */
		D0E6DD9221B57E5E00DEDCEE /* PBXContainerItemProxy */ = {
			isa = PBXContainerItemProxy;
			containerPortal = D0E6DD7E21B57E5E00DEDCEE /* Project object */;
			proxyType = 1;
			remoteGlobalIDString = D0E6DD8621B57E5E00DEDCEE;
			remoteInfo = SwiftRouter;
		};
/* End PBXContainerItemProxy section */

/* Begin PBXFileReference section */
		D0E6DD8721B57E5E00DEDCEE /* SwiftRouter.framework */ = {isa = PBXFileReference; explicitFileType = wrapper.framework; includeInIndex = 0; path = SwiftRouter.framework; sourceTree = BUILT_PRODUCTS_DIR; };
		D0E6DD8A21B57E5E00DEDCEE /* SwiftRouter.h */ = {isa = PBXFileReference; lastKnownFileType = sourcecode.c.h; path = SwiftRouter.h; sourceTree = "<group>"; };
		D0E6DD8B21B57E5E00DEDCEE /* Info.plist */ = {isa = PBXFileReference; lastKnownFileType = text.plist.xml; path = Info.plist; sourceTree = "<group>"; };
		D0E6DD9021B57E5E00DEDCEE /* SwiftRouterTests.xctest */ = {isa = PBXFileReference; explicitFileType = wrapper.cfbundle; includeInIndex = 0; path = SwiftRouterTests.xctest; sourceTree = BUILT_PRODUCTS_DIR; };
		D0E6DD9521B57E5E00DEDCEE /* SwiftRouterTests.swift */ = {isa = PBXFileReference; lastKnownFileType = sourcecode.swift; path = SwiftRouterTests.swift; sourceTree = "<group>"; };
		D0E6DD9721B57E5E00DEDCEE /* Info.plist */ = {isa = PBXFileReference; lastKnownFileType = text.plist.xml; path = Info.plist; sourceTree = "<group>"; };
		D0E6DDA221B57E8300DEDCEE /* Router.swift */ = {isa = PBXFileReference; fileEncoding = 4; lastKnownFileType = sourcecode.swift; path = Router.swift; sourceTree = "<group>"; };
		D0E6DDA321B57E8300DEDCEE /* RHelper.swift */ = {isa = PBXFileReference; fileEncoding = 4; lastKnownFileType = sourcecode.swift; path = RHelper.swift; sourceTree = "<group>"; };
		D0E6DDA421B57E8300DEDCEE /* LBaseController.swift */ = {isa = PBXFileReference; fileEncoding = 4; lastKnownFileType = sourcecode.swift; path = LBaseController.swift; sourceTree = "<group>"; };
		D0E6DDA521B57E8300DEDCEE /* modules.json */ = {isa = PBXFileReference; fileEncoding = 4; lastKnownFileType = text.json; path = modules.json; sourceTree = "<group>"; };
		D0E6DDA621B57E8300DEDCEE /* RouteFirstController.swift */ = {isa = PBXFileReference; fileEncoding = 4; lastKnownFileType = sourcecode.swift; path = RouteFirstController.swift; sourceTree = "<group>"; };
		D0E6DDA721B57E8300DEDCEE /* AutoCreateProtocol.swift */ = {isa = PBXFileReference; fileEncoding = 4; lastKnownFileType = sourcecode.swift; path = AutoCreateProtocol.swift; sourceTree = "<group>"; };
/* End PBXFileReference section */

/* Begin PBXFrameworksBuildPhase section */
		D0E6DD8421B57E5E00DEDCEE /* Frameworks */ = {
			isa = PBXFrameworksBuildPhase;
			buildActionMask = 2147483647;
			files = (
			);
			runOnlyForDeploymentPostprocessing = 0;
		};
		D0E6DD8D21B57E5E00DEDCEE /* Frameworks */ = {
			isa = PBXFrameworksBuildPhase;
			buildActionMask = 2147483647;
			files = (
				D0E6DD9121B57E5E00DEDCEE /* SwiftRouter.framework in Frameworks */,
			);
			runOnlyForDeploymentPostprocessing = 0;
		};
/* End PBXFrameworksBuildPhase section */

/* Begin PBXGroup section */
		D0E6DD7D21B57E5E00DEDCEE = {
			isa = PBXGroup;
			children = (
				D0E6DD8921B57E5E00DEDCEE /* SwiftRouter */,
				D0E6DD9421B57E5E00DEDCEE /* SwiftRouterTests */,
				D0E6DD8821B57E5E00DEDCEE /* Products */,
			);
			sourceTree = "<group>";
		};
		D0E6DD8821B57E5E00DEDCEE /* Products */ = {
			isa = PBXGroup;
			children = (
				D0E6DD8721B57E5E00DEDCEE /* SwiftRouter.framework */,
				D0E6DD9021B57E5E00DEDCEE /* SwiftRouterTests.xctest */,
			);
			name = Products;
			sourceTree = "<group>";
		};
		D0E6DD8921B57E5E00DEDCEE /* SwiftRouter */ = {
			isa = PBXGroup;
			children = (
				D0E6DDA121B57E8300DEDCEE /* Router */,
				D0E6DD8A21B57E5E00DEDCEE /* SwiftRouter.h */,
				D0E6DD8B21B57E5E00DEDCEE /* Info.plist */,
			);
			path = SwiftRouter;
			sourceTree = "<group>";
		};
		D0E6DD9421B57E5E00DEDCEE /* SwiftRouterTests */ = {
			isa = PBXGroup;
			children = (
				D0E6DD9521B57E5E00DEDCEE /* SwiftRouterTests.swift */,
				D0E6DD9721B57E5E00DEDCEE /* Info.plist */,
			);
			path = SwiftRouterTests;
			sourceTree = "<group>";
		};
		D0E6DDA121B57E8300DEDCEE /* Router */ = {
			isa = PBXGroup;
			children = (
				D0E6DDA221B57E8300DEDCEE /* Router.swift */,
				D0E6DDA321B57E8300DEDCEE /* RHelper.swift */,
				D0E6DDA421B57E8300DEDCEE /* LBaseController.swift */,
				D0E6DDA521B57E8300DEDCEE /* modules.json */,
				D0E6DDA621B57E8300DEDCEE /* RouteFirstController.swift */,
				D0E6DDA721B57E8300DEDCEE /* AutoCreateProtocol.swift */,
			);
			name = Router;
			path = ../../Router;
			sourceTree = "<group>";
		};
/* End PBXGroup section */

/* Begin PBXHeadersBuildPhase section */
		D0E6DD8221B57E5E00DEDCEE /* Headers */ = {
			isa = PBXHeadersBuildPhase;
			buildActionMask = 2147483647;
			files = (
				D0E6DD9821B57E5E00DEDCEE /* SwiftRouter.h in Headers */,
			);
			runOnlyForDeploymentPostprocessing = 0;
		};
/* End PBXHeadersBuildPhase section */

/* Begin PBXNativeTarget section */
		D0E6DD8621B57E5E00DEDCEE /* SwiftRouter */ = {
			isa = PBXNativeTarget;
			buildConfigurationList = D0E6DD9B21B57E5E00DEDCEE /* Build configuration list for PBXNativeTarget "SwiftRouter" */;
			buildPhases = (
				D0E6DD8221B57E5E00DEDCEE /* Headers */,
				D0E6DD8321B57E5E00DEDCEE /* Sources */,
				D0E6DD8421B57E5E00DEDCEE /* Frameworks */,
				D0E6DD8521B57E5E00DEDCEE /* Resources */,
			);
			buildRules = (
			);
			dependencies = (
			);
			name = SwiftRouter;
			productName = SwiftRouter;
			productReference = D0E6DD8721B57E5E00DEDCEE /* SwiftRouter.framework */;
			productType = "com.apple.product-type.framework";
		};
		D0E6DD8F21B57E5E00DEDCEE /* SwiftRouterTests */ = {
			isa = PBXNativeTarget;
			buildConfigurationList = D0E6DD9E21B57E5E00DEDCEE /* Build configuration list for PBXNativeTarget "SwiftRouterTests" */;
			buildPhases = (
				D0E6DD8C21B57E5E00DEDCEE /* Sources */,
				D0E6DD8D21B57E5E00DEDCEE /* Frameworks */,
				D0E6DD8E21B57E5E00DEDCEE /* Resources */,
			);
			buildRules = (
			);
			dependencies = (
				D0E6DD9321B57E5E00DEDCEE /* PBXTargetDependency */,
			);
			name = SwiftRouterTests;
			productName = SwiftRouterTests;
			productReference = D0E6DD9021B57E5E00DEDCEE /* SwiftRouterTests.xctest */;
			productType = "com.apple.product-type.bundle.unit-test";
		};
/* End PBXNativeTarget section */

/* Begin PBXProject section */
		D0E6DD7E21B57E5E00DEDCEE /* Project object */ = {
			isa = PBXProject;
			attributes = {
				LastSwiftUpdateCheck = 1010;
				LastUpgradeCheck = 1010;
				ORGANIZATIONNAME = Alexluan;
				TargetAttributes = {
					D0E6DD8621B57E5E00DEDCEE = {
						CreatedOnToolsVersion = 10.1;
					};
					D0E6DD8F21B57E5E00DEDCEE = {
						CreatedOnToolsVersion = 10.1;
					};
				};
			};
			buildConfigurationList = D0E6DD8121B57E5E00DEDCEE /* Build configuration list for PBXProject "SwiftRouter" */;
			compatibilityVersion = "Xcode 9.3";
			developmentRegion = en;
			hasScannedForEncodings = 0;
			knownRegions = (
				en,
			);
			mainGroup = D0E6DD7D21B57E5E00DEDCEE;
			productRefGroup = D0E6DD8821B57E5E00DEDCEE /* Products */;
			projectDirPath = "";
			projectRoot = "";
			targets = (
				D0E6DD8621B57E5E00DEDCEE /* SwiftRouter */,
				D0E6DD8F21B57E5E00DEDCEE /* SwiftRouterTests */,
			);
		};
/* End PBXProject section */

/* Begin PBXResourcesBuildPhase section */
		D0E6DD8521B57E5E00DEDCEE /* Resources */ = {
			isa = PBXResourcesBuildPhase;
			buildActionMask = 2147483647;
			files = (
				D0E6DDAB21B57E8300DEDCEE /* modules.json in Resources */,
			);
			runOnlyForDeploymentPostprocessing = 0;
		};
		D0E6DD8E21B57E5E00DEDCEE /* Resources */ = {
			isa = PBXResourcesBuildPhase;
			buildActionMask = 2147483647;
			files = (
			);
			runOnlyForDeploymentPostprocessing = 0;
		};
/* End PBXResourcesBuildPhase section */

/* Begin PBXSourcesBuildPhase section */
		D0E6DD8321B57E5E00DEDCEE /* Sources */ = {
			isa = PBXSourcesBuildPhase;
			buildActionMask = 2147483647;
			files = (
				D0E6DDAD21B57E8300DEDCEE /* AutoCreateProtocol.swift in Sources */,
				D0E6DDAC21B57E8300DEDCEE /* RouteFirstController.swift in Sources */,
				D0E6DDA921B57E8300DEDCEE /* RHelper.swift in Sources */,
				D0E6DDAA21B57E8300DEDCEE /* LBaseController.swift in Sources */,
				D0E6DDA821B57E8300DEDCEE /* Router.swift in Sources */,
			);
			runOnlyForDeploymentPostprocessing = 0;
		};
		D0E6DD8C21B57E5E00DEDCEE /* Sources */ = {
			isa = PBXSourcesBuildPhase;
			buildActionMask = 2147483647;
			files = (
				D0E6DD9621B57E5E00DEDCEE /* SwiftRouterTests.swift in Sources */,
			);
			runOnlyForDeploymentPostprocessing = 0;
		};
/* End PBXSourcesBuildPhase section */

/* Begin PBXTargetDependency section */
		D0E6DD9321B57E5E00DEDCEE /* PBXTargetDependency */ = {
			isa = PBXTargetDependency;
			target = D0E6DD8621B57E5E00DEDCEE /* SwiftRouter */;
			targetProxy = D0E6DD9221B57E5E00DEDCEE /* PBXContainerItemProxy */;
		};
/* End PBXTargetDependency section */

/* Begin XCBuildConfiguration section */
		D0E6DD9921B57E5E00DEDCEE /* Debug */ = {
			isa = XCBuildConfiguration;
			buildSettings = {
				ALWAYS_SEARCH_USER_PATHS = NO;
				CLANG_ANALYZER_NONNULL = YES;
				CLANG_ANALYZER_NUMBER_OBJECT_CONVERSION = YES_AGGRESSIVE;
				CLANG_CXX_LANGUAGE_STANDARD = "gnu++14";
				CLANG_CXX_LIBRARY = "libc++";
				CLANG_ENABLE_MODULES = YES;
				CLANG_ENABLE_OBJC_ARC = YES;
				CLANG_ENABLE_OBJC_WEAK = YES;
				CLANG_WARN_BLOCK_CAPTURE_AUTORELEASING = YES;
				CLANG_WARN_BOOL_CONVERSION = YES;
				CLANG_WARN_COMMA = YES;
				CLANG_WARN_CONSTANT_CONVERSION = YES;
				CLANG_WARN_DEPRECATED_OBJC_IMPLEMENTATIONS = YES;
				CLANG_WARN_DIRECT_OBJC_ISA_USAGE = YES_ERROR;
				CLANG_WARN_DOCUMENTATION_COMMENTS = YES;
				CLANG_WARN_EMPTY_BODY = YES;
				CLANG_WARN_ENUM_CONVERSION = YES;
				CLANG_WARN_INFINITE_RECURSION = YES;
				CLANG_WARN_INT_CONVERSION = YES;
				CLANG_WARN_NON_LITERAL_NULL_CONVERSION = YES;
				CLANG_WARN_OBJC_IMPLICIT_RETAIN_SELF = YES;
				CLANG_WARN_OBJC_LITERAL_CONVERSION = YES;
				CLANG_WARN_OBJC_ROOT_CLASS = YES_ERROR;
				CLANG_WARN_RANGE_LOOP_ANALYSIS = YES;
				CLANG_WARN_STRICT_PROTOTYPES = YES;
				CLANG_WARN_SUSPICIOUS_MOVE = YES;
				CLANG_WARN_UNGUARDED_AVAILABILITY = YES_AGGRESSIVE;
				CLANG_WARN_UNREACHABLE_CODE = YES;
				CLANG_WARN__DUPLICATE_METHOD_MATCH = YES;
				CODE_SIGN_IDENTITY = "iPhone Developer";
				COPY_PHASE_STRIP = NO;
				CURRENT_PROJECT_VERSION = 1;
				DEBUG_INFORMATION_FORMAT = dwarf;
				ENABLE_STRICT_OBJC_MSGSEND = YES;
				ENABLE_TESTABILITY = YES;
				GCC_C_LANGUAGE_STANDARD = gnu11;
				GCC_DYNAMIC_NO_PIC = NO;
				GCC_NO_COMMON_BLOCKS = YES;
				GCC_OPTIMIZATION_LEVEL = 0;
				GCC_PREPROCESSOR_DEFINITIONS = (
					"DEBUG=1",
					"$(inherited)",
				);
				GCC_WARN_64_TO_32_BIT_CONVERSION = YES;
				GCC_WARN_ABOUT_RETURN_TYPE = YES_ERROR;
				GCC_WARN_UNDECLARED_SELECTOR = YES;
				GCC_WARN_UNINITIALIZED_AUTOS = YES_AGGRESSIVE;
				GCC_WARN_UNUSED_FUNCTION = YES;
				GCC_WARN_UNUSED_VARIABLE = YES;
				IPHONEOS_DEPLOYMENT_TARGET = 12.1;
				MTL_ENABLE_DEBUG_INFO = INCLUDE_SOURCE;
				MTL_FAST_MATH = YES;
				ONLY_ACTIVE_ARCH = YES;
				SDKROOT = iphoneos;
				SWIFT_ACTIVE_COMPILATION_CONDITIONS = DEBUG;
				SWIFT_OPTIMIZATION_LEVEL = "-Onone";
				VERSIONING_SYSTEM = "apple-generic";
				VERSION_INFO_PREFIX = "";
			};
			name = Debug;
		};
		D0E6DD9A21B57E5E00DEDCEE /* Release */ = {
			isa = XCBuildConfiguration;
			buildSettings = {
				ALWAYS_SEARCH_USER_PATHS = NO;
				CLANG_ANALYZER_NONNULL = YES;
				CLANG_ANALYZER_NUMBER_OBJECT_CONVERSION = YES_AGGRESSIVE;
				CLANG_CXX_LANGUAGE_STANDARD = "gnu++14";
				CLANG_CXX_LIBRARY = "libc++";
				CLANG_ENABLE_MODULES = YES;
				CLANG_ENABLE_OBJC_ARC = YES;
				CLANG_ENABLE_OBJC_WEAK = YES;
				CLANG_WARN_BLOCK_CAPTURE_AUTORELEASING = YES;
				CLANG_WARN_BOOL_CONVERSION = YES;
				CLANG_WARN_COMMA = YES;
				CLANG_WARN_CONSTANT_CONVERSION = YES;
				CLANG_WARN_DEPRECATED_OBJC_IMPLEMENTATIONS = YES;
				CLANG_WARN_DIRECT_OBJC_ISA_USAGE = YES_ERROR;
				CLANG_WARN_DOCUMENTATION_COMMENTS = YES;
				CLANG_WARN_EMPTY_BODY = YES;
				CLANG_WARN_ENUM_CONVERSION = YES;
				CLANG_WARN_INFINITE_RECURSION = YES;
				CLANG_WARN_INT_CONVERSION = YES;
				CLANG_WARN_NON_LITERAL_NULL_CONVERSION = YES;
				CLANG_WARN_OBJC_IMPLICIT_RETAIN_SELF = YES;
				CLANG_WARN_OBJC_LITERAL_CONVERSION = YES;
				CLANG_WARN_OBJC_ROOT_CLASS = YES_ERROR;
				CLANG_WARN_RANGE_LOOP_ANALYSIS = YES;
				CLANG_WARN_STRICT_PROTOTYPES = YES;
				CLANG_WARN_SUSPICIOUS_MOVE = YES;
				CLANG_WARN_UNGUARDED_AVAILABILITY = YES_AGGRESSIVE;
				CLANG_WARN_UNREACHABLE_CODE = YES;
				CLANG_WARN__DUPLICATE_METHOD_MATCH = YES;
				CODE_SIGN_IDENTITY = "iPhone Developer";
				COPY_PHASE_STRIP = NO;
				CURRENT_PROJECT_VERSION = 1;
				DEBUG_INFORMATION_FORMAT = "dwarf-with-dsym";
				ENABLE_NS_ASSERTIONS = NO;
				ENABLE_STRICT_OBJC_MSGSEND = YES;
				GCC_C_LANGUAGE_STANDARD = gnu11;
				GCC_NO_COMMON_BLOCKS = YES;
				GCC_WARN_64_TO_32_BIT_CONVERSION = YES;
				GCC_WARN_ABOUT_RETURN_TYPE = YES_ERROR;
				GCC_WARN_UNDECLARED_SELECTOR = YES;
				GCC_WARN_UNINITIALIZED_AUTOS = YES_AGGRESSIVE;
				GCC_WARN_UNUSED_FUNCTION = YES;
				GCC_WARN_UNUSED_VARIABLE = YES;
				IPHONEOS_DEPLOYMENT_TARGET = 12.1;
				MTL_ENABLE_DEBUG_INFO = NO;
				MTL_FAST_MATH = YES;
				SDKROOT = iphoneos;
				SWIFT_COMPILATION_MODE = wholemodule;
				SWIFT_OPTIMIZATION_LEVEL = "-O";
				VALIDATE_PRODUCT = YES;
				VERSIONING_SYSTEM = "apple-generic";
				VERSION_INFO_PREFIX = "";
			};
			name = Release;
		};
		D0E6DD9C21B57E5E00DEDCEE /* Debug */ = {
			isa = XCBuildConfiguration;
			buildSettings = {
				CODE_SIGN_IDENTITY = "";
				CODE_SIGN_STYLE = Automatic;
				DEFINES_MODULE = YES;
				DYLIB_COMPATIBILITY_VERSION = 1;
				DYLIB_CURRENT_VERSION = 1;
				DYLIB_INSTALL_NAME_BASE = "@rpath";
				INFOPLIST_FILE = SwiftRouter/Info.plist;
				INSTALL_PATH = "$(LOCAL_LIBRARY_DIR)/Frameworks";
				LD_RUNPATH_SEARCH_PATHS = (
					"$(inherited)",
					"@executable_path/Frameworks",
					"@loader_path/Frameworks",
				);
				PRODUCT_BUNDLE_IDENTIFIER = com.alex.test.SwiftRouter;
				PRODUCT_NAME = "$(TARGET_NAME:c99extidentifier)";
				SKIP_INSTALL = YES;
				SWIFT_VERSION = 4.2;
				TARGETED_DEVICE_FAMILY = "1,2";
			};
			name = Debug;
		};
		D0E6DD9D21B57E5E00DEDCEE /* Release */ = {
			isa = XCBuildConfiguration;
			buildSettings = {
				CODE_SIGN_IDENTITY = "";
				CODE_SIGN_STYLE = Automatic;
				DEFINES_MODULE = YES;
				DYLIB_COMPATIBILITY_VERSION = 1;
				DYLIB_CURRENT_VERSION = 1;
				DYLIB_INSTALL_NAME_BASE = "@rpath";
				INFOPLIST_FILE = SwiftRouter/Info.plist;
				INSTALL_PATH = "$(LOCAL_LIBRARY_DIR)/Frameworks";
				LD_RUNPATH_SEARCH_PATHS = (
					"$(inherited)",
					"@executable_path/Frameworks",
					"@loader_path/Frameworks",
				);
				PRODUCT_BUNDLE_IDENTIFIER = com.alex.test.SwiftRouter;
				PRODUCT_NAME = "$(TARGET_NAME:c99extidentifier)";
				SKIP_INSTALL = YES;
				SWIFT_VERSION = 4.2;
				TARGETED_DEVICE_FAMILY = "1,2";
			};
			name = Release;
		};
		D0E6DD9F21B57E5E00DEDCEE /* Debug */ = {
			isa = XCBuildConfiguration;
			buildSettings = {
				ALWAYS_EMBED_SWIFT_STANDARD_LIBRARIES = YES;
				CODE_SIGN_STYLE = Automatic;
				INFOPLIST_FILE = SwiftRouterTests/Info.plist;
				LD_RUNPATH_SEARCH_PATHS = (
					"$(inherited)",
					"@executable_path/Frameworks",
					"@loader_path/Frameworks",
				);
				PRODUCT_BUNDLE_IDENTIFIER = com.alex.test.SwiftRouterTests;
				PRODUCT_NAME = "$(TARGET_NAME)";
				SWIFT_VERSION = 4.2;
				TARGETED_DEVICE_FAMILY = "1,2";
			};
			name = Debug;
		};
		D0E6DDA021B57E5E00DEDCEE /* Release */ = {
			isa = XCBuildConfiguration;
			buildSettings = {
				ALWAYS_EMBED_SWIFT_STANDARD_LIBRARIES = YES;
				CODE_SIGN_STYLE = Automatic;
				INFOPLIST_FILE = SwiftRouterTests/Info.plist;
				LD_RUNPATH_SEARCH_PATHS = (
					"$(inherited)",
					"@executable_path/Frameworks",
					"@loader_path/Frameworks",
				);
				PRODUCT_BUNDLE_IDENTIFIER = com.alex.test.SwiftRouterTests;
				PRODUCT_NAME = "$(TARGET_NAME)";
				SWIFT_VERSION = 4.2;
				TARGETED_DEVICE_FAMILY = "1,2";
			};
			name = Release;
		};
/* End XCBuildConfiguration section */

/* Begin XCConfigurationList section */
		D0E6DD8121B57E5E00DEDCEE /* Build configuration list for PBXProject "SwiftRouter" */ = {
			isa = XCConfigurationList;
			buildConfigurations = (
				D0E6DD9921B57E5E00DEDCEE /* Debug */,
				D0E6DD9A21B57E5E00DEDCEE /* Release */,
			);
			defaultConfigurationIsVisible = 0;
			defaultConfigurationName = Release;
		};
		D0E6DD9B21B57E5E00DEDCEE /* Build configuration list for PBXNativeTarget "SwiftRouter" */ = {
			isa = XCConfigurationList;
			buildConfigurations = (
				D0E6DD9C21B57E5E00DEDCEE /* Debug */,
				D0E6DD9D21B57E5E00DEDCEE /* Release */,
			);
			defaultConfigurationIsVisible = 0;
			defaultConfigurationName = Release;
		};
		D0E6DD9E21B57E5E00DEDCEE /* Build configuration list for PBXNativeTarget "SwiftRouterTests" */ = {
			isa = XCConfigurationList;
			buildConfigurations = (
				D0E6DD9F21B57E5E00DEDCEE /* Debug */,
				D0E6DDA021B57E5E00DEDCEE /* Release */,
			);
			defaultConfigurationIsVisible = 0;
			defaultConfigurationName = Release;
		};
/* End XCConfigurationList section */
	};
	rootObject = D0E6DD7E21B57E5E00DEDCEE /* Project object */;
}
